// !$*UTF8*$!
{
	archiveVersion = 1;
	classes = {
	};
	objectVersion = 50;
	objects = {

/* Begin PBXBuildFile section */
		00C20194243DF134004931F6 /* AppDelegate.swift in Sources */ = {isa = PBXBuildFile; fileRef = 00C20193243DF134004931F6 /* AppDelegate.swift */; };
		00C20196243DF134004931F6 /* SceneDelegate.swift in Sources */ = {isa = PBXBuildFile; fileRef = 00C20195243DF134004931F6 /* SceneDelegate.swift */; };
		00C20198243DF134004931F6 /* ContentView.swift in Sources */ = {isa = PBXBuildFile; fileRef = 00C20197243DF134004931F6 /* ContentView.swift */; };
		00C2019A243DF136004931F6 /* Assets.xcassets in Resources */ = {isa = PBXBuildFile; fileRef = 00C20199243DF136004931F6 /* Assets.xcassets */; };
		00C2019D243DF136004931F6 /* Preview Assets.xcassets in Resources */ = {isa = PBXBuildFile; fileRef = 00C2019C243DF136004931F6 /* Preview Assets.xcassets */; };
		00C201A0243DF136004931F6 /* LaunchScreen.storyboard in Resources */ = {isa = PBXBuildFile; fileRef = 00C2019E243DF136004931F6 /* LaunchScreen.storyboard */; };
/* End PBXBuildFile section */

/* Begin PBXFileReference section */
		00C20190243DF134004931F6 /* Covid-Nineteen.app */ = {isa = PBXFileReference; explicitFileType = wrapper.application; includeInIndex = 0; path = "Covid-Nineteen.app"; sourceTree = BUILT_PRODUCTS_DIR; };
		00C20193243DF134004931F6 /* AppDelegate.swift */ = {isa = PBXFileReference; lastKnownFileType = sourcecode.swift; path = AppDelegate.swift; sourceTree = "<group>"; };
		00C20195243DF134004931F6 /* SceneDelegate.swift */ = {isa = PBXFileReference; lastKnownFileType = sourcecode.swift; path = SceneDelegate.swift; sourceTree = "<group>"; };
		00C20197243DF134004931F6 /* ContentView.swift */ = {isa = PBXFileReference; lastKnownFileType = sourcecode.swift; path = ContentView.swift; sourceTree = "<group>"; };
		00C20199243DF136004931F6 /* Assets.xcassets */ = {isa = PBXFileReference; lastKnownFileType = folder.assetcatalog; path = Assets.xcassets; sourceTree = "<group>"; };
		00C2019C243DF136004931F6 /* Preview Assets.xcassets */ = {isa = PBXFileReference; lastKnownFileType = folder.assetcatalog; path = "Preview Assets.xcassets"; sourceTree = "<group>"; };
		00C2019F243DF136004931F6 /* Base */ = {isa = PBXFileReference; lastKnownFileType = file.storyboard; name = Base; path = Base.lproj/LaunchScreen.storyboard; sourceTree = "<group>"; };
		00C201A1243DF136004931F6 /* Info.plist */ = {isa = PBXFileReference; lastKnownFileType = text.plist.xml; path = Info.plist; sourceTree = "<group>"; };
/* End PBXFileReference section */

/* Begin PBXFrameworksBuildPhase section */
		00C2018D243DF134004931F6 /* Frameworks */ = {
			isa = PBXFrameworksBuildPhase;
			buildActionMask = 2147483647;
			files = (
			);
			runOnlyForDeploymentPostprocessing = 0;
		};
/* End PBXFrameworksBuildPhase section */

/* Begin PBXGroup section */
		00C20187243DF134004931F6 = {
			isa = PBXGroup;
			children = (
				00C20192243DF134004931F6 /* Covid-Nineteen */,
				00C20191243DF134004931F6 /* Products */,
			);
			sourceTree = "<group>";
		};
		00C20191243DF134004931F6 /* Products */ = {
			isa = PBXGroup;
			children = (
				00C20190243DF134004931F6 /* Covid-Nineteen.app */,
			);
			name = Products;
			sourceTree = "<group>";
		};
		00C20192243DF134004931F6 /* Covid-Nineteen */ = {
			isa = PBXGroup;
			children = (
				00C20193243DF134004931F6 /* AppDelegate.swift */,
				00C20195243DF134004931F6 /* SceneDelegate.swift */,
				00C20197243DF134004931F6 /* ContentView.swift */,
				00C20199243DF136004931F6 /* Assets.xcassets */,
				00C2019E243DF136004931F6 /* LaunchScreen.storyboard */,
				00C201A1243DF136004931F6 /* Info.plist */,
				00C2019B243DF136004931F6 /* Preview Content */,
			);
			path = "Covid-Nineteen";
			sourceTree = "<group>";
		};
		00C2019B243DF136004931F6 /* Preview Content */ = {
			isa = PBXGroup;
			children = (
				00C2019C243DF136004931F6 /* Preview Assets.xcassets */,
			);
			path = "Preview Content";
			sourceTree = "<group>";
		};
/* End PBXGroup section */

/* Begin PBXNativeTarget section */
		00C2018F243DF134004931F6 /* Covid-Nineteen */ = {
			isa = PBXNativeTarget;
			buildConfigurationList = 00C201A4243DF136004931F6 /* Build configuration list for PBXNativeTarget "Covid-Nineteen" */;
			buildPhases = (
				00C2018C243DF134004931F6 /* Sources */,
				00C2018D243DF134004931F6 /* Frameworks */,
				00C2018E243DF134004931F6 /* Resources */,
			);
			buildRules = (
			);
			dependencies = (
			);
			name = "Covid-Nineteen";
			productName = "Covid-Nineteen";
			productReference = 00C20190243DF134004931F6 /* Covid-Nineteen.app */;
			productType = "com.apple.product-type.application";
		};
/* End PBXNativeTarget section */

/* Begin PBXProject section */
		00C20188243DF134004931F6 /* Project object */ = {
			isa = PBXProject;
			attributes = {
				LastSwiftUpdateCheck = 1140;
				LastUpgradeCheck = 1140;
				ORGANIZATIONNAME = "Mehmet Koca";
				TargetAttributes = {
					00C2018F243DF134004931F6 = {
						CreatedOnToolsVersion = 11.4;
					};
				};
			};
			buildConfigurationList = 00C2018B243DF134004931F6 /* Build configuration list for PBXProject "Covid-Nineteen" */;
			compatibilityVersion = "Xcode 9.3";
			developmentRegion = en;
			hasScannedForEncodings = 0;
			knownRegions = (
				en,
				Base,
			);
			mainGroup = 00C20187243DF134004931F6;
			productRefGroup = 00C20191243DF134004931F6 /* Products */;
			projectDirPath = "";
			projectRoot = "";
			targets = (
				00C2018F243DF134004931F6 /* Covid-Nineteen */,
			);
		};
/* End PBXProject section */

/* Begin PBXResourcesBuildPhase section */
		00C2018E243DF134004931F6 /* Resources */ = {
			isa = PBXResourcesBuildPhase;
			buildActionMask = 2147483647;
			files = (
				00C201A0243DF136004931F6 /* LaunchScreen.storyboard in Resources */,
				00C2019D243DF136004931F6 /* Preview Assets.xcassets in Resources */,
				00C2019A243DF136004931F6 /* Assets.xcassets in Resources */,
			);
			runOnlyForDeploymentPostprocessing = 0;
		};
/* End PBXResourcesBuildPhase section */

/* Begin PBXSourcesBuildPhase section */
		00C2018C243DF134004931F6 /* Sources */ = {
			isa = PBXSourcesBuildPhase;
			buildActionMask = 2147483647;
			files = (
				00C20194243DF134004931F6 /* AppDelegate.swift in Sources */,
				00C20196243DF134004931F6 /* SceneDelegate.swift in Sources */,
				00C20198243DF134004931F6 /* ContentView.swift in Sources */,
			);
			runOnlyForDeploymentPostprocessing = 0;
		};
/* End PBXSourcesBuildPhase section */

/* Begin PBXVariantGroup section */
		00C2019E243DF136004931F6 /* LaunchScreen.storyboard */ = {
			isa = PBXVariantGroup;
			children = (
				00C2019F243DF136004931F6 /* Base */,
			);
			name = LaunchScreen.storyboard;
			sourceTree = "<group>";
		};
/* End PBXVariantGroup section */

/* Begin XCBuildConfiguration section */
		00C201A2243DF136004931F6 /* Debug */ = {
			isa = XCBuildConfiguration;
			buildSettings = {
				ALWAYS_SEARCH_USER_PATHS = NO;
				CLANG_ANALYZER_NONNULL = YES;
				CLANG_ANALYZER_NUMBER_OBJECT_CONVERSION = YES_AGGRESSIVE;
				CLANG_CXX_LANGUAGE_STANDARD = "gnu++14";
				CLANG_CXX_LIBRARY = "libc++";
				CLANG_ENABLE_MODULES = YES;
				CLANG_ENABLE_OBJC_ARC = YES;
				CLANG_ENABLE_OBJC_WEAK = YES;
				CLANG_WARN_BLOCK_CAPTURE_AUTORELEASING = YES;
				CLANG_WARN_BOOL_CONVERSION = YES;
				CLANG_WARN_COMMA = YES;
				CLANG_WARN_CONSTANT_CONVERSION = YES;
				CLANG_WARN_DEPRECATED_OBJC_IMPLEMENTATIONS = YES;
				CLANG_WARN_DIRECT_OBJC_ISA_USAGE = YES_ERROR;
				CLANG_WARN_DOCUMENTATION_COMMENTS = YES;
				CLANG_WARN_EMPTY_BODY = YES;
				CLANG_WARN_ENUM_CONVERSION = YES;
				CLANG_WARN_INFINITE_RECURSION = YES;
				CLANG_WARN_INT_CONVERSION = YES;
				CLANG_WARN_NON_LITERAL_NULL_CONVERSION = YES;
				CLANG_WARN_OBJC_IMPLICIT_RETAIN_SELF = YES;
				CLANG_WARN_OBJC_LITERAL_CONVERSION = YES;
				CLANG_WARN_OBJC_ROOT_CLASS = YES_ERROR;
				CLANG_WARN_RANGE_LOOP_ANALYSIS = YES;
				CLANG_WARN_STRICT_PROTOTYPES = YES;
				CLANG_WARN_SUSPICIOUS_MOVE = YES;
				CLANG_WARN_UNGUARDED_AVAILABILITY = YES_AGGRESSIVE;
				CLANG_WARN_UNREACHABLE_CODE = YES;
				CLANG_WARN__DUPLICATE_METHOD_MATCH = YES;
				COPY_PHASE_STRIP = NO;
				DEBUG_INFORMATION_FORMAT = dwarf;
				ENABLE_STRICT_OBJC_MSGSEND = YES;
				ENABLE_TESTABILITY = YES;
				GCC_C_LANGUAGE_STANDARD = gnu11;
				GCC_DYNAMIC_NO_PIC = NO;
				GCC_NO_COMMON_BLOCKS = YES;
				GCC_OPTIMIZATION_LEVEL = 0;
				GCC_PREPROCESSOR_DEFINITIONS = (
					"DEBUG=1",
					"$(inherited)",
				);
				GCC_WARN_64_TO_32_BIT_CONVERSION = YES;
				GCC_WARN_ABOUT_RETURN_TYPE = YES_ERROR;
				GCC_WARN_UNDECLARED_SELECTOR = YES;
				GCC_WARN_UNINITIALIZED_AUTOS = YES_AGGRESSIVE;
				GCC_WARN_UNUSED_FUNCTION = YES;
				GCC_WARN_UNUSED_VARIABLE = YES;
				IPHONEOS_DEPLOYMENT_TARGET = 13.4;
				MTL_ENABLE_DEBUG_INFO = INCLUDE_SOURCE;
				MTL_FAST_MATH = YES;
				ONLY_ACTIVE_ARCH = YES;
				SDKROOT = iphoneos;
				SWIFT_ACTIVE_COMPILATION_CONDITIONS = DEBUG;
				SWIFT_OPTIMIZATION_LEVEL = "-Onone";
			};
			name = Debug;
		};
		00C201A3243DF136004931F6 /* Release */ = {
			isa = XCBuildConfiguration;
			buildSettings = {
				ALWAYS_SEARCH_USER_PATHS = NO;
				CLANG_ANALYZER_NONNULL = YES;
				CLANG_ANALYZER_NUMBER_OBJECT_CONVERSION = YES_AGGRESSIVE;
				CLANG_CXX_LANGUAGE_STANDARD = "gnu++14";
				CLANG_CXX_LIBRARY = "libc++";
				CLANG_ENABLE_MODULES = YES;
				CLANG_ENABLE_OBJC_ARC = YES;
				CLANG_ENABLE_OBJC_WEAK = YES;
				CLANG_WARN_BLOCK_CAPTURE_AUTORELEASING = YES;
				CLANG_WARN_BOOL_CONVERSION = YES;
				CLANG_WARN_COMMA = YES;
				CLANG_WARN_CONSTANT_CONVERSION = YES;
				CLANG_WARN_DEPRECATED_OBJC_IMPLEMENTATIONS = YES;
				CLANG_WARN_DIRECT_OBJC_ISA_USAGE = YES_ERROR;
				CLANG_WARN_DOCUMENTATION_COMMENTS = YES;
				CLANG_WARN_EMPTY_BODY = YES;
				CLANG_WARN_ENUM_CONVERSION = YES;
				CLANG_WARN_INFINITE_RECURSION = YES;
				CLANG_WARN_INT_CONVERSION = YES;
				CLANG_WARN_NON_LITERAL_NULL_CONVERSION = YES;
				CLANG_WARN_OBJC_IMPLICIT_RETAIN_SELF = YES;
				CLANG_WARN_OBJC_LITERAL_CONVERSION = YES;
				CLANG_WARN_OBJC_ROOT_CLASS = YES_ERROR;
				CLANG_WARN_RANGE_LOOP_ANALYSIS = YES;
				CLANG_WARN_STRICT_PROTOTYPES = YES;
				CLANG_WARN_SUSPICIOUS_MOVE = YES;
				CLANG_WARN_UNGUARDED_AVAILABILITY = YES_AGGRESSIVE;
				CLANG_WARN_UNREACHABLE_CODE = YES;
				CLANG_WARN__DUPLICATE_METHOD_MATCH = YES;
				COPY_PHASE_STRIP = NO;
				DEBUG_INFORMATION_FORMAT = "dwarf-with-dsym";
				ENABLE_NS_ASSERTIONS = NO;
				ENABLE_STRICT_OBJC_MSGSEND = YES;
				GCC_C_LANGUAGE_STANDARD = gnu11;
				GCC_NO_COMMON_BLOCKS = YES;
				GCC_WARN_64_TO_32_BIT_CONVERSION = YES;
				GCC_WARN_ABOUT_RETURN_TYPE = YES_ERROR;
				GCC_WARN_UNDECLARED_SELECTOR = YES;
				GCC_WARN_UNINITIALIZED_AUTOS = YES_AGGRESSIVE;
				GCC_WARN_UNUSED_FUNCTION = YES;
				GCC_WARN_UNUSED_VARIABLE = YES;
				IPHONEOS_DEPLOYMENT_TARGET = 13.4;
				MTL_ENABLE_DEBUG_INFO = NO;
				MTL_FAST_MATH = YES;
				SDKROOT = iphoneos;
				SWIFT_COMPILATION_MODE = wholemodule;
				SWIFT_OPTIMIZATION_LEVEL = "-O";
				VALIDATE_PRODUCT = YES;
			};
			name = Release;
		};
		00C201A5243DF136004931F6 /* Debug */ = {
			isa = XCBuildConfiguration;
			buildSettings = {
				ASSETCATALOG_COMPILER_APPICON_NAME = AppIcon;
				CODE_SIGN_STYLE = Automatic;
				DEVELOPMENT_ASSET_PATHS = "\"Covid-Nineteen/Preview Content\"";
				DEVELOPMENT_TEAM = F4GB6K2J56;
				ENABLE_PREVIEWS = YES;
				INFOPLIST_FILE = "Covid-Nineteen/Info.plist";
				IPHONEOS_DEPLOYMENT_TARGET = 13.0;
				LD_RUNPATH_SEARCH_PATHS = (
					"$(inherited)",
					"@executable_path/Frameworks",
				);
				PRODUCT_BUNDLE_IDENTIFIER = "com.mehmetkoca.Covid-Nineteen";
				PRODUCT_NAME = "$(TARGET_NAME)";
				SWIFT_VERSION = 5.0;
				TARGETED_DEVICE_FAMILY = 1;
			};
			name = Debug;
		};
		00C201A6243DF136004931F6 /* Release */ = {
			isa = XCBuildConfiguration;
			buildSettings = {
				ASSETCATALOG_COMPILER_APPICON_NAME = AppIcon;
				CODE_SIGN_STYLE = Automatic;
				DEVELOPMENT_ASSET_PATHS = "\"Covid-Nineteen/Preview Content\"";
				DEVELOPMENT_TEAM = F4GB6K2J56;
				ENABLE_PREVIEWS = YES;
				INFOPLIST_FILE = "Covid-Nineteen/Info.plist";
				IPHONEOS_DEPLOYMENT_TARGET = 13.0;
				LD_RUNPATH_SEARCH_PATHS = (
					"$(inherited)",
					"@executable_path/Frameworks",
				);
				PRODUCT_BUNDLE_IDENTIFIER = "com.mehmetkoca.Covid-Nineteen";
				PRODUCT_NAME = "$(TARGET_NAME)";
				SWIFT_VERSION = 5.0;
				TARGETED_DEVICE_FAMILY = 1;
			};
			name = Release;
		};
/* End XCBuildConfiguration section */

/* Begin XCConfigurationList section */
		00C2018B243DF134004931F6 /* Build configuration list for PBXProject "Covid-Nineteen" */ = {
			isa = XCConfigurationList;
			buildConfigurations = (
				00C201A2243DF136004931F6 /* Debug */,
				00C201A3243DF136004931F6 /* Release */,
			);
			defaultConfigurationIsVisible = 0;
			defaultConfigurationName = Release;
		};
		00C201A4243DF136004931F6 /* Build configuration list for PBXNativeTarget "Covid-Nineteen" */ = {
			isa = XCConfigurationList;
			buildConfigurations = (
				00C201A5243DF136004931F6 /* Debug */,
				00C201A6243DF136004931F6 /* Release */,
			);
			defaultConfigurationIsVisible = 0;
			defaultConfigurationName = Release;
		};
/* End XCConfigurationList section */
	};
	rootObject = 00C20188243DF134004931F6 /* Project object */;
}
